
Microsoft Visual Studio Solution File, Format Version 12.00
# Visual Studio Version 16
VisualStudioVersion = 16.0.28803.202
MinimumVisualStudioVersion = 10.0.40219.1
Project("{9A19103F-16F7-4668-BE54-9A1E7A4F7556}") = "Domain", "src\Domain\Domain.csproj", "{D52CD32D-1C26-4081-B260-692981E3A8EA}"
EndProject
Project("{9A19103F-16F7-4668-BE54-9A1E7A4F7556}") = "Domain.Tests", "tests\Domain.Tests\Domain.Tests.csproj", "{C3B0F62A-22F0-453C-B721-241CB81A36E4}"
EndProject
Project("{9A19103F-16F7-4668-BE54-9A1E7A4F7556}") = "Application", "src\Application\Application.csproj", "{D3FC422B-ED56-46BA-BEB0-2D51DBC57091}"
EndProject
Project("{9A19103F-16F7-4668-BE54-9A1E7A4F7556}") = "Application.Tests", "tests\Application.Tests\Application.Tests.csproj", "{F2460CCB-0FF6-4E68-8216-734A62C66D9E}"
EndProject
Project("{9A19103F-16F7-4668-BE54-9A1E7A4F7556}") = "Infra.NHibernate", "src\Infra.NHibernate\Infra.NHibernate.csproj", "{D0952F71-CF90-43F6-AD6E-D78205D4C432}"
EndProject
Global
	GlobalSection(SolutionConfigurationPlatforms) = preSolution
		Debug|Any CPU = Debug|Any CPU
		Release|Any CPU = Release|Any CPU
	EndGlobalSection
	GlobalSection(ProjectConfigurationPlatforms) = postSolution
		{D52CD32D-1C26-4081-B260-692981E3A8EA}.Debug|Any CPU.ActiveCfg = Debug|Any CPU
		{D52CD32D-1C26-4081-B260-692981E3A8EA}.Debug|Any CPU.Build.0 = Debug|Any CPU
		{D52CD32D-1C26-4081-B260-692981E3A8EA}.Release|Any CPU.ActiveCfg = Release|Any CPU
		{D52CD32D-1C26-4081-B260-692981E3A8EA}.Release|Any CPU.Build.0 = Release|Any CPU
		{C3B0F62A-22F0-453C-B721-241CB81A36E4}.Debug|Any CPU.ActiveCfg = Debug|Any CPU
		{C3B0F62A-22F0-453C-B721-241CB81A36E4}.Debug|Any CPU.Build.0 = Debug|Any CPU
		{C3B0F62A-22F0-453C-B721-241CB81A36E4}.Release|Any CPU.ActiveCfg = Release|Any CPU
		{C3B0F62A-22F0-453C-B721-241CB81A36E4}.Release|Any CPU.Build.0 = Release|Any CPU
		{D3FC422B-ED56-46BA-BEB0-2D51DBC57091}.Debug|Any CPU.ActiveCfg = Debug|Any CPU
		{D3FC422B-ED56-46BA-BEB0-2D51DBC57091}.Debug|Any CPU.Build.0 = Debug|Any CPU
		{D3FC422B-ED56-46BA-BEB0-2D51DBC57091}.Release|Any CPU.ActiveCfg = Release|Any CPU
		{D3FC422B-ED56-46BA-BEB0-2D51DBC57091}.Release|Any CPU.Build.0 = Release|Any CPU
		{F2460CCB-0FF6-4E68-8216-734A62C66D9E}.Debug|Any CPU.ActiveCfg = Debug|Any CPU
		{F2460CCB-0FF6-4E68-8216-734A62C66D9E}.Debug|Any CPU.Build.0 = Debug|Any CPU
		{F2460CCB-0FF6-4E68-8216-734A62C66D9E}.Release|Any CPU.ActiveCfg = Release|Any CPU
		{F2460CCB-0FF6-4E68-8216-734A62C66D9E}.Release|Any CPU.Build.0 = Release|Any CPU
		{D0952F71-CF90-43F6-AD6E-D78205D4C432}.Debug|Any CPU.ActiveCfg = Debug|Any CPU
		{D0952F71-CF90-43F6-AD6E-D78205D4C432}.Debug|Any CPU.Build.0 = Debug|Any CPU
		{D0952F71-CF90-43F6-AD6E-D78205D4C432}.Release|Any CPU.ActiveCfg = Release|Any CPU
		{D0952F71-CF90-43F6-AD6E-D78205D4C432}.Release|Any CPU.Build.0 = Release|Any CPU
	EndGlobalSection
	GlobalSection(SolutionProperties) = preSolution
		HideSolutionNode = FALSE
	EndGlobalSection
	GlobalSection(ExtensibilityGlobals) = postSolution
		SolutionGuid = {FD1D4CDE-FA9E-44D6-B7DD-4C5A5C9515C3}
	EndGlobalSection
EndGlobal
